// !$*UTF8*$!
{
	archiveVersion = 1;
	classes = {
	};
	objectVersion = 46;
	objects = {

/* Begin PBXBuildFile section */
		C52578871F32B5C900E8C033 /* ScrollTableRightTableViewCell.m in Sources */ = {isa = PBXBuildFile; fileRef = C52578861F32B5C900E8C033 /* ScrollTableRightTableViewCell.m */; };
		C525788D1F32BF4400E8C033 /* ScrollTableBaseViewController.m in Sources */ = {isa = PBXBuildFile; fileRef = C525788C1F32BF4400E8C033 /* ScrollTableBaseViewController.m */; };
		C52732D51F31D93E0040CEA2 /* ScrolltableLeftTableViewCell.m in Sources */ = {isa = PBXBuildFile; fileRef = C52732D41F31D93E0040CEA2 /* ScrolltableLeftTableViewCell.m */; };
		C53BCEA51F8F554500BFEAA9 /* LICENSE in Resources */ = {isa = PBXBuildFile; fileRef = C53BCE891F8F554500BFEAA9 /* LICENSE */; };
		C53BCEA61F8F554500BFEAA9 /* MASCompositeConstraint.m in Sources */ = {isa = PBXBuildFile; fileRef = C53BCE8C1F8F554500BFEAA9 /* MASCompositeConstraint.m */; };
		C53BCEA71F8F554500BFEAA9 /* MASConstraint.m in Sources */ = {isa = PBXBuildFile; fileRef = C53BCE8F1F8F554500BFEAA9 /* MASConstraint.m */; };
		C53BCEA81F8F554500BFEAA9 /* MASConstraintMaker.m in Sources */ = {isa = PBXBuildFile; fileRef = C53BCE911F8F554500BFEAA9 /* MASConstraintMaker.m */; };
		C53BCEA91F8F554500BFEAA9 /* MASLayoutConstraint.m in Sources */ = {isa = PBXBuildFile; fileRef = C53BCE931F8F554500BFEAA9 /* MASLayoutConstraint.m */; };
		C53BCEAA1F8F554500BFEAA9 /* MASViewAttribute.m in Sources */ = {isa = PBXBuildFile; fileRef = C53BCE971F8F554500BFEAA9 /* MASViewAttribute.m */; };
		C53BCEAB1F8F554500BFEAA9 /* MASViewConstraint.m in Sources */ = {isa = PBXBuildFile; fileRef = C53BCE991F8F554500BFEAA9 /* MASViewConstraint.m */; };
		C53BCEAC1F8F554500BFEAA9 /* NSArray+MASAdditions.m in Sources */ = {isa = PBXBuildFile; fileRef = C53BCE9B1F8F554500BFEAA9 /* NSArray+MASAdditions.m */; };
		C53BCEAD1F8F554500BFEAA9 /* NSLayoutConstraint+MASDebugAdditions.m in Sources */ = {isa = PBXBuildFile; fileRef = C53BCE9E1F8F554500BFEAA9 /* NSLayoutConstraint+MASDebugAdditions.m */; };
		C53BCEAE1F8F554500BFEAA9 /* View+MASAdditions.m in Sources */ = {isa = PBXBuildFile; fileRef = C53BCEA01F8F554500BFEAA9 /* View+MASAdditions.m */; };
		C53BCEAF1F8F554500BFEAA9 /* ViewController+MASAdditions.m in Sources */ = {isa = PBXBuildFile; fileRef = C53BCEA31F8F554500BFEAA9 /* ViewController+MASAdditions.m */; };
		C53BCEB01F8F554500BFEAA9 /* README.md in Sources */ = {isa = PBXBuildFile; fileRef = C53BCEA41F8F554500BFEAA9 /* README.md */; };
		C5CC200B1F31CDD800CA849D /* main.m in Sources */ = {isa = PBXBuildFile; fileRef = C5CC200A1F31CDD800CA849D /* main.m */; };
		C5CC200E1F31CDD800CA849D /* AppDelegate.m in Sources */ = {isa = PBXBuildFile; fileRef = C5CC200D1F31CDD800CA849D /* AppDelegate.m */; };
		C5CC20111F31CDD800CA849D /* ViewController.m in Sources */ = {isa = PBXBuildFile; fileRef = C5CC20101F31CDD800CA849D /* ViewController.m */; };
		C5CC20141F31CDD800CA849D /* Main.storyboard in Resources */ = {isa = PBXBuildFile; fileRef = C5CC20121F31CDD800CA849D /* Main.storyboard */; };
		C5CC20161F31CDD800CA849D /* Assets.xcassets in Resources */ = {isa = PBXBuildFile; fileRef = C5CC20151F31CDD800CA849D /* Assets.xcassets */; };
		C5CC20191F31CDD800CA849D /* LaunchScreen.storyboard in Resources */ = {isa = PBXBuildFile; fileRef = C5CC20171F31CDD800CA849D /* LaunchScreen.storyboard */; };
		C5CC20241F31CDD800CA849D /* ScrollTableViewTests.m in Sources */ = {isa = PBXBuildFile; fileRef = C5CC20231F31CDD800CA849D /* ScrollTableViewTests.m */; };
		C5CC202F1F31CDD800CA849D /* ScrollTableViewUITests.m in Sources */ = {isa = PBXBuildFile; fileRef = C5CC202E1F31CDD800CA849D /* ScrollTableViewUITests.m */; };
		C5CC203E1F31CE6100CA849D /* ScrollTableViewHeaderView.m in Sources */ = {isa = PBXBuildFile; fileRef = C5CC203D1F31CE6100CA849D /* ScrollTableViewHeaderView.m */; };
/* End PBXBuildFile section */

/* Begin PBXContainerItemProxy section */
		C5CC20201F31CDD800CA849D /* PBXContainerItemProxy */ = {
			isa = PBXContainerItemProxy;
			containerPortal = C5CC1FFE1F31CDD800CA849D /* Project object */;
			proxyType = 1;
			remoteGlobalIDString = C5CC20051F31CDD800CA849D;
			remoteInfo = ScrollTableView;
		};
		C5CC202B1F31CDD800CA849D /* PBXContainerItemProxy */ = {
			isa = PBXContainerItemProxy;
			containerPortal = C5CC1FFE1F31CDD800CA849D /* Project object */;
			proxyType = 1;
			remoteGlobalIDString = C5CC20051F31CDD800CA849D;
			remoteInfo = ScrollTableView;
		};
/* End PBXContainerItemProxy section */

/* Begin PBXFileReference section */
		C52578851F32B5C900E8C033 /* ScrollTableRightTableViewCell.h */ = {isa = PBXFileReference; fileEncoding = 4; lastKnownFileType = sourcecode.c.h; path = ScrollTableRightTableViewCell.h; sourceTree = "<group>"; };
		C52578861F32B5C900E8C033 /* ScrollTableRightTableViewCell.m */ = {isa = PBXFileReference; fileEncoding = 4; lastKnownFileType = sourcecode.c.objc; path = ScrollTableRightTableViewCell.m; sourceTree = "<group>"; };
		C525788B1F32BF4400E8C033 /* ScrollTableBaseViewController.h */ = {isa = PBXFileReference; fileEncoding = 4; lastKnownFileType = sourcecode.c.h; path = ScrollTableBaseViewController.h; sourceTree = "<group>"; };
		C525788C1F32BF4400E8C033 /* ScrollTableBaseViewController.m */ = {isa = PBXFileReference; fileEncoding = 4; lastKnownFileType = sourcecode.c.objc; path = ScrollTableBaseViewController.m; sourceTree = "<group>"; };
		C52732D31F31D93E0040CEA2 /* ScrolltableLeftTableViewCell.h */ = {isa = PBXFileReference; fileEncoding = 4; lastKnownFileType = sourcecode.c.h; path = ScrolltableLeftTableViewCell.h; sourceTree = "<group>"; };
		C52732D41F31D93E0040CEA2 /* ScrolltableLeftTableViewCell.m */ = {isa = PBXFileReference; fileEncoding = 4; lastKnownFileType = sourcecode.c.objc; path = ScrolltableLeftTableViewCell.m; sourceTree = "<group>"; };
		C53BCE891F8F554500BFEAA9 /* LICENSE */ = {isa = PBXFileReference; fileEncoding = 4; lastKnownFileType = text; path = LICENSE; sourceTree = "<group>"; };
		C53BCE8B1F8F554500BFEAA9 /* MASCompositeConstraint.h */ = {isa = PBXFileReference; fileEncoding = 4; lastKnownFileType = sourcecode.c.h; path = MASCompositeConstraint.h; sourceTree = "<group>"; };
		C53BCE8C1F8F554500BFEAA9 /* MASCompositeConstraint.m */ = {isa = PBXFileReference; fileEncoding = 4; lastKnownFileType = sourcecode.c.objc; path = MASCompositeConstraint.m; sourceTree = "<group>"; };
		C53BCE8D1F8F554500BFEAA9 /* MASConstraint+Private.h */ = {isa = PBXFileReference; fileEncoding = 4; lastKnownFileType = sourcecode.c.h; path = "MASConstraint+Private.h"; sourceTree = "<group>"; };
		C53BCE8E1F8F554500BFEAA9 /* MASConstraint.h */ = {isa = PBXFileReference; fileEncoding = 4; lastKnownFileType = sourcecode.c.h; path = MASConstraint.h; sourceTree = "<group>"; };
		C53BCE8F1F8F554500BFEAA9 /* MASConstraint.m */ = {isa = PBXFileReference; fileEncoding = 4; lastKnownFileType = sourcecode.c.objc; path = MASConstraint.m; sourceTree = "<group>"; };
		C53BCE901F8F554500BFEAA9 /* MASConstraintMaker.h */ = {isa = PBXFileReference; fileEncoding = 4; lastKnownFileType = sourcecode.c.h; path = MASConstraintMaker.h; sourceTree = "<group>"; };
		C53BCE911F8F554500BFEAA9 /* MASConstraintMaker.m */ = {isa = PBXFileReference; fileEncoding = 4; lastKnownFileType = sourcecode.c.objc; path = MASConstraintMaker.m; sourceTree = "<group>"; };
		C53BCE921F8F554500BFEAA9 /* MASLayoutConstraint.h */ = {isa = PBXFileReference; fileEncoding = 4; lastKnownFileType = sourcecode.c.h; path = MASLayoutConstraint.h; sourceTree = "<group>"; };
		C53BCE931F8F554500BFEAA9 /* MASLayoutConstraint.m */ = {isa = PBXFileReference; fileEncoding = 4; lastKnownFileType = sourcecode.c.objc; path = MASLayoutConstraint.m; sourceTree = "<group>"; };
		C53BCE941F8F554500BFEAA9 /* Masonry.h */ = {isa = PBXFileReference; fileEncoding = 4; lastKnownFileType = sourcecode.c.h; path = Masonry.h; sourceTree = "<group>"; };
		C53BCE951F8F554500BFEAA9 /* MASUtilities.h */ = {isa = PBXFileReference; fileEncoding = 4; lastKnownFileType = sourcecode.c.h; path = MASUtilities.h; sourceTree = "<group>"; };
		C53BCE961F8F554500BFEAA9 /* MASViewAttribute.h */ = {isa = PBXFileReference; fileEncoding = 4; lastKnownFileType = sourcecode.c.h; path = MASViewAttribute.h; sourceTree = "<group>"; };
		C53BCE971F8F554500BFEAA9 /* MASViewAttribute.m */ = {isa = PBXFileReference; fileEncoding = 4; lastKnownFileType = sourcecode.c.objc; path = MASViewAttribute.m; sourceTree = "<group>"; };
		C53BCE981F8F554500BFEAA9 /* MASViewConstraint.h */ = {isa = PBXFileReference; fileEncoding = 4; lastKnownFileType = sourcecode.c.h; path = MASViewConstraint.h; sourceTree = "<group>"; };
		C53BCE991F8F554500BFEAA9 /* MASViewConstraint.m */ = {isa = PBXFileReference; fileEncoding = 4; lastKnownFileType = sourcecode.c.objc; path = MASViewConstraint.m; sourceTree = "<group>"; };
		C53BCE9A1F8F554500BFEAA9 /* NSArray+MASAdditions.h */ = {isa = PBXFileReference; fileEncoding = 4; lastKnownFileType = sourcecode.c.h; path = "NSArray+MASAdditions.h"; sourceTree = "<group>"; };
		C53BCE9B1F8F554500BFEAA9 /* NSArray+MASAdditions.m */ = {isa = PBXFileReference; fileEncoding = 4; lastKnownFileType = sourcecode.c.objc; path = "NSArray+MASAdditions.m"; sourceTree = "<group>"; };
		C53BCE9C1F8F554500BFEAA9 /* NSArray+MASShorthandAdditions.h */ = {isa = PBXFileReference; fileEncoding = 4; lastKnownFileType = sourcecode.c.h; path = "NSArray+MASShorthandAdditions.h"; sourceTree = "<group>"; };
		C53BCE9D1F8F554500BFEAA9 /* NSLayoutConstraint+MASDebugAdditions.h */ = {isa = PBXFileReference; fileEncoding = 4; lastKnownFileType = sourcecode.c.h; path = "NSLayoutConstraint+MASDebugAdditions.h"; sourceTree = "<group>"; };
		C53BCE9E1F8F554500BFEAA9 /* NSLayoutConstraint+MASDebugAdditions.m */ = {isa = PBXFileReference; fileEncoding = 4; lastKnownFileType = sourcecode.c.objc; path = "NSLayoutConstraint+MASDebugAdditions.m"; sourceTree = "<group>"; };
		C53BCE9F1F8F554500BFEAA9 /* View+MASAdditions.h */ = {isa = PBXFileReference; fileEncoding = 4; lastKnownFileType = sourcecode.c.h; path = "View+MASAdditions.h"; sourceTree = "<group>"; };
		C53BCEA01F8F554500BFEAA9 /* View+MASAdditions.m */ = {isa = PBXFileReference; fileEncoding = 4; lastKnownFileType = sourcecode.c.objc; path = "View+MASAdditions.m"; sourceTree = "<group>"; };
		C53BCEA11F8F554500BFEAA9 /* View+MASShorthandAdditions.h */ = {isa = PBXFileReference; fileEncoding = 4; lastKnownFileType = sourcecode.c.h; path = "View+MASShorthandAdditions.h"; sourceTree = "<group>"; };
		C53BCEA21F8F554500BFEAA9 /* ViewController+MASAdditions.h */ = {isa = PBXFileReference; fileEncoding = 4; lastKnownFileType = sourcecode.c.h; path = "ViewController+MASAdditions.h"; sourceTree = "<group>"; };
		C53BCEA31F8F554500BFEAA9 /* ViewController+MASAdditions.m */ = {isa = PBXFileReference; fileEncoding = 4; lastKnownFileType = sourcecode.c.objc; path = "ViewController+MASAdditions.m"; sourceTree = "<group>"; };
		C53BCEA41F8F554500BFEAA9 /* README.md */ = {isa = PBXFileReference; fileEncoding = 4; lastKnownFileType = net.daringfireball.markdown; path = README.md; sourceTree = "<group>"; };
		C5CC20061F31CDD800CA849D /* ScrollTableView.app */ = {isa = PBXFileReference; explicitFileType = wrapper.application; includeInIndex = 0; path = ScrollTableView.app; sourceTree = BUILT_PRODUCTS_DIR; };
		C5CC200A1F31CDD800CA849D /* main.m */ = {isa = PBXFileReference; lastKnownFileType = sourcecode.c.objc; path = main.m; sourceTree = "<group>"; };
		C5CC200C1F31CDD800CA849D /* AppDelegate.h */ = {isa = PBXFileReference; lastKnownFileType = sourcecode.c.h; path = AppDelegate.h; sourceTree = "<group>"; };
		C5CC200D1F31CDD800CA849D /* AppDelegate.m */ = {isa = PBXFileReference; lastKnownFileType = sourcecode.c.objc; path = AppDelegate.m; sourceTree = "<group>"; };
		C5CC200F1F31CDD800CA849D /* ViewController.h */ = {isa = PBXFileReference; lastKnownFileType = sourcecode.c.h; path = ViewController.h; sourceTree = "<group>"; };
		C5CC20101F31CDD800CA849D /* ViewController.m */ = {isa = PBXFileReference; lastKnownFileType = sourcecode.c.objc; path = ViewController.m; sourceTree = "<group>"; };
		C5CC20131F31CDD800CA849D /* Base */ = {isa = PBXFileReference; lastKnownFileType = file.storyboard; name = Base; path = Base.lproj/Main.storyboard; sourceTree = "<group>"; };
		C5CC20151F31CDD800CA849D /* Assets.xcassets */ = {isa = PBXFileReference; lastKnownFileType = folder.assetcatalog; path = Assets.xcassets; sourceTree = "<group>"; };
		C5CC20181F31CDD800CA849D /* Base */ = {isa = PBXFileReference; lastKnownFileType = file.storyboard; name = Base; path = Base.lproj/LaunchScreen.storyboard; sourceTree = "<group>"; };
		C5CC201A1F31CDD800CA849D /* Info.plist */ = {isa = PBXFileReference; lastKnownFileType = text.plist.xml; path = Info.plist; sourceTree = "<group>"; };
		C5CC201F1F31CDD800CA849D /* ScrollTableViewTests.xctest */ = {isa = PBXFileReference; explicitFileType = wrapper.cfbundle; includeInIndex = 0; path = ScrollTableViewTests.xctest; sourceTree = BUILT_PRODUCTS_DIR; };
		C5CC20231F31CDD800CA849D /* ScrollTableViewTests.m */ = {isa = PBXFileReference; lastKnownFileType = sourcecode.c.objc; path = ScrollTableViewTests.m; sourceTree = "<group>"; };
		C5CC20251F31CDD800CA849D /* Info.plist */ = {isa = PBXFileReference; lastKnownFileType = text.plist.xml; path = Info.plist; sourceTree = "<group>"; };
		C5CC202A1F31CDD800CA849D /* ScrollTableViewUITests.xctest */ = {isa = PBXFileReference; explicitFileType = wrapper.cfbundle; includeInIndex = 0; path = ScrollTableViewUITests.xctest; sourceTree = BUILT_PRODUCTS_DIR; };
		C5CC202E1F31CDD800CA849D /* ScrollTableViewUITests.m */ = {isa = PBXFileReference; lastKnownFileType = sourcecode.c.objc; path = ScrollTableViewUITests.m; sourceTree = "<group>"; };
		C5CC20301F31CDD800CA849D /* Info.plist */ = {isa = PBXFileReference; lastKnownFileType = text.plist.xml; path = Info.plist; sourceTree = "<group>"; };
		C5CC203C1F31CE6100CA849D /* ScrollTableViewHeaderView.h */ = {isa = PBXFileReference; fileEncoding = 4; lastKnownFileType = sourcecode.c.h; path = ScrollTableViewHeaderView.h; sourceTree = "<group>"; };
		C5CC203D1F31CE6100CA849D /* ScrollTableViewHeaderView.m */ = {isa = PBXFileReference; fileEncoding = 4; lastKnownFileType = sourcecode.c.objc; path = ScrollTableViewHeaderView.m; sourceTree = "<group>"; };
/* End PBXFileReference section */

/* Begin PBXFrameworksBuildPhase section */
		C5CC20031F31CDD800CA849D /* Frameworks */ = {
			isa = PBXFrameworksBuildPhase;
			buildActionMask = 2147483647;
			files = (
			);
			runOnlyForDeploymentPostprocessing = 0;
		};
		C5CC201C1F31CDD800CA849D /* Frameworks */ = {
			isa = PBXFrameworksBuildPhase;
			buildActionMask = 2147483647;
			files = (
			);
			runOnlyForDeploymentPostprocessing = 0;
		};
		C5CC20271F31CDD800CA849D /* Frameworks */ = {
			isa = PBXFrameworksBuildPhase;
			buildActionMask = 2147483647;
			files = (
			);
			runOnlyForDeploymentPostprocessing = 0;
		};
/* End PBXFrameworksBuildPhase section */

/* Begin PBXGroup section */
		4D70CC0B2B618D880B8D99E0 /* Frameworks */ = {
			isa = PBXGroup;
			children = (
			);
			name = Frameworks;
			sourceTree = "<group>";
		};
		C53BCE881F8F554500BFEAA9 /* Masonry */ = {
			isa = PBXGroup;
			children = (
				C53BCE891F8F554500BFEAA9 /* LICENSE */,
				C53BCE8A1F8F554500BFEAA9 /* Masonry */,
				C53BCEA41F8F554500BFEAA9 /* README.md */,
			);
			path = Masonry;
			sourceTree = "<group>";
		};
		C53BCE8A1F8F554500BFEAA9 /* Masonry */ = {
			isa = PBXGroup;
			children = (
				C53BCE8B1F8F554500BFEAA9 /* MASCompositeConstraint.h */,
				C53BCE8C1F8F554500BFEAA9 /* MASCompositeConstraint.m */,
				C53BCE8D1F8F554500BFEAA9 /* MASConstraint+Private.h */,
				C53BCE8E1F8F554500BFEAA9 /* MASConstraint.h */,
				C53BCE8F1F8F554500BFEAA9 /* MASConstraint.m */,
				C53BCE901F8F554500BFEAA9 /* MASConstraintMaker.h */,
				C53BCE911F8F554500BFEAA9 /* MASConstraintMaker.m */,
				C53BCE921F8F554500BFEAA9 /* MASLayoutConstraint.h */,
				C53BCE931F8F554500BFEAA9 /* MASLayoutConstraint.m */,
				C53BCE941F8F554500BFEAA9 /* Masonry.h */,
				C53BCE951F8F554500BFEAA9 /* MASUtilities.h */,
				C53BCE961F8F554500BFEAA9 /* MASViewAttribute.h */,
				C53BCE971F8F554500BFEAA9 /* MASViewAttribute.m */,
				C53BCE981F8F554500BFEAA9 /* MASViewConstraint.h */,
				C53BCE991F8F554500BFEAA9 /* MASViewConstraint.m */,
				C53BCE9A1F8F554500BFEAA9 /* NSArray+MASAdditions.h */,
				C53BCE9B1F8F554500BFEAA9 /* NSArray+MASAdditions.m */,
				C53BCE9C1F8F554500BFEAA9 /* NSArray+MASShorthandAdditions.h */,
				C53BCE9D1F8F554500BFEAA9 /* NSLayoutConstraint+MASDebugAdditions.h */,
				C53BCE9E1F8F554500BFEAA9 /* NSLayoutConstraint+MASDebugAdditions.m */,
				C53BCE9F1F8F554500BFEAA9 /* View+MASAdditions.h */,
				C53BCEA01F8F554500BFEAA9 /* View+MASAdditions.m */,
				C53BCEA11F8F554500BFEAA9 /* View+MASShorthandAdditions.h */,
				C53BCEA21F8F554500BFEAA9 /* ViewController+MASAdditions.h */,
				C53BCEA31F8F554500BFEAA9 /* ViewController+MASAdditions.m */,
			);
			path = Masonry;
			sourceTree = "<group>";
		};
		C5CC1FFD1F31CDD800CA849D = {
			isa = PBXGroup;
			children = (
				C5CC20081F31CDD800CA849D /* ScrollTableView */,
				C5CC20221F31CDD800CA849D /* ScrollTableViewTests */,
				C5CC202D1F31CDD800CA849D /* ScrollTableViewUITests */,
				C5CC20071F31CDD800CA849D /* Products */,
				4D70CC0B2B618D880B8D99E0 /* Frameworks */,
			);
			sourceTree = "<group>";
		};
		C5CC20071F31CDD800CA849D /* Products */ = {
			isa = PBXGroup;
			children = (
				C5CC20061F31CDD800CA849D /* ScrollTableView.app */,
				C5CC201F1F31CDD800CA849D /* ScrollTableViewTests.xctest */,
				C5CC202A1F31CDD800CA849D /* ScrollTableViewUITests.xctest */,
			);
			name = Products;
			sourceTree = "<group>";
		};
		C5CC20081F31CDD800CA849D /* ScrollTableView */ = {
			isa = PBXGroup;
			children = (
				C53BCE881F8F554500BFEAA9 /* Masonry */,
				C5CC200C1F31CDD800CA849D /* AppDelegate.h */,
				C5CC200D1F31CDD800CA849D /* AppDelegate.m */,
				C5CC200F1F31CDD800CA849D /* ViewController.h */,
				C5CC20101F31CDD800CA849D /* ViewController.m */,
				C5CC20121F31CDD800CA849D /* Main.storyboard */,
				C5CC20151F31CDD800CA849D /* Assets.xcassets */,
				C5CC20171F31CDD800CA849D /* LaunchScreen.storyboard */,
				C5CC201A1F31CDD800CA849D /* Info.plist */,
				C5CC20091F31CDD800CA849D /* Supporting Files */,
				C5CC203C1F31CE6100CA849D /* ScrollTableViewHeaderView.h */,
				C5CC203D1F31CE6100CA849D /* ScrollTableViewHeaderView.m */,
				C52732D31F31D93E0040CEA2 /* ScrolltableLeftTableViewCell.h */,
				C52732D41F31D93E0040CEA2 /* ScrolltableLeftTableViewCell.m */,
				C52578851F32B5C900E8C033 /* ScrollTableRightTableViewCell.h */,
				C52578861F32B5C900E8C033 /* ScrollTableRightTableViewCell.m */,
				C525788B1F32BF4400E8C033 /* ScrollTableBaseViewController.h */,
				C525788C1F32BF4400E8C033 /* ScrollTableBaseViewController.m */,
			);
			path = ScrollTableView;
			sourceTree = "<group>";
		};
		C5CC20091F31CDD800CA849D /* Supporting Files */ = {
			isa = PBXGroup;
			children = (
				C5CC200A1F31CDD800CA849D /* main.m */,
			);
			name = "Supporting Files";
			sourceTree = "<group>";
		};
		C5CC20221F31CDD800CA849D /* ScrollTableViewTests */ = {
			isa = PBXGroup;
			children = (
				C5CC20231F31CDD800CA849D /* ScrollTableViewTests.m */,
				C5CC20251F31CDD800CA849D /* Info.plist */,
			);
			path = ScrollTableViewTests;
			sourceTree = "<group>";
		};
		C5CC202D1F31CDD800CA849D /* ScrollTableViewUITests */ = {
			isa = PBXGroup;
			children = (
				C5CC202E1F31CDD800CA849D /* ScrollTableViewUITests.m */,
				C5CC20301F31CDD800CA849D /* Info.plist */,
			);
			path = ScrollTableViewUITests;
			sourceTree = "<group>";
		};
/* End PBXGroup section */

/* Begin PBXNativeTarget section */
		C5CC20051F31CDD800CA849D /* ScrollTableView */ = {
			isa = PBXNativeTarget;
			buildConfigurationList = C5CC20331F31CDD800CA849D /* Build configuration list for PBXNativeTarget "ScrollTableView" */;
			buildPhases = (
				C5CC20021F31CDD800CA849D /* Sources */,
				C5CC20031F31CDD800CA849D /* Frameworks */,
				C5CC20041F31CDD800CA849D /* Resources */,
			);
			buildRules = (
			);
			dependencies = (
			);
			name = ScrollTableView;
			productName = ScrollTableView;
			productReference = C5CC20061F31CDD800CA849D /* ScrollTableView.app */;
			productType = "com.apple.product-type.application";
		};
		C5CC201E1F31CDD800CA849D /* ScrollTableViewTests */ = {
			isa = PBXNativeTarget;
			buildConfigurationList = C5CC20361F31CDD800CA849D /* Build configuration list for PBXNativeTarget "ScrollTableViewTests" */;
			buildPhases = (
				C5CC201B1F31CDD800CA849D /* Sources */,
				C5CC201C1F31CDD800CA849D /* Frameworks */,
				C5CC201D1F31CDD800CA849D /* Resources */,
			);
			buildRules = (
			);
			dependencies = (
				C5CC20211F31CDD800CA849D /* PBXTargetDependency */,
			);
			name = ScrollTableViewTests;
			productName = ScrollTableViewTests;
			productReference = C5CC201F1F31CDD800CA849D /* ScrollTableViewTests.xctest */;
			productType = "com.apple.product-type.bundle.unit-test";
		};
		C5CC20291F31CDD800CA849D /* ScrollTableViewUITests */ = {
			isa = PBXNativeTarget;
			buildConfigurationList = C5CC20391F31CDD800CA849D /* Build configuration list for PBXNativeTarget "ScrollTableViewUITests" */;
			buildPhases = (
				C5CC20261F31CDD800CA849D /* Sources */,
				C5CC20271F31CDD800CA849D /* Frameworks */,
				C5CC20281F31CDD800CA849D /* Resources */,
			);
			buildRules = (
			);
			dependencies = (
				C5CC202C1F31CDD800CA849D /* PBXTargetDependency */,
			);
			name = ScrollTableViewUITests;
			productName = ScrollTableViewUITests;
			productReference = C5CC202A1F31CDD800CA849D /* ScrollTableViewUITests.xctest */;
			productType = "com.apple.product-type.bundle.ui-testing";
		};
/* End PBXNativeTarget section */

/* Begin PBXProject section */
		C5CC1FFE1F31CDD800CA849D /* Project object */ = {
			isa = PBXProject;
			attributes = {
				LastUpgradeCheck = 0830;
				ORGANIZATIONNAME = Admin;
				TargetAttributes = {
					C5CC20051F31CDD800CA849D = {
						CreatedOnToolsVersion = 8.3.3;
						ProvisioningStyle = Automatic;
					};
					C5CC201E1F31CDD800CA849D = {
						CreatedOnToolsVersion = 8.3.3;
						ProvisioningStyle = Automatic;
						TestTargetID = C5CC20051F31CDD800CA849D;
					};
					C5CC20291F31CDD800CA849D = {
						CreatedOnToolsVersion = 8.3.3;
						ProvisioningStyle = Automatic;
						TestTargetID = C5CC20051F31CDD800CA849D;
					};
				};
			};
			buildConfigurationList = C5CC20011F31CDD800CA849D /* Build configuration list for PBXProject "ScrollTableView" */;
			compatibilityVersion = "Xcode 3.2";
			developmentRegion = English;
			hasScannedForEncodings = 0;
			knownRegions = (
				en,
				Base,
			);
			mainGroup = C5CC1FFD1F31CDD800CA849D;
			productRefGroup = C5CC20071F31CDD800CA849D /* Products */;
			projectDirPath = "";
			projectRoot = "";
			targets = (
				C5CC20051F31CDD800CA849D /* ScrollTableView */,
				C5CC201E1F31CDD800CA849D /* ScrollTableViewTests */,
				C5CC20291F31CDD800CA849D /* ScrollTableViewUITests */,
			);
		};
/* End PBXProject section */

/* Begin PBXResourcesBuildPhase section */
		C5CC20041F31CDD800CA849D /* Resources */ = {
			isa = PBXResourcesBuildPhase;
			buildActionMask = 2147483647;
			files = (
				C5CC20191F31CDD800CA849D /* LaunchScreen.storyboard in Resources */,
				C5CC20161F31CDD800CA849D /* Assets.xcassets in Resources */,
				C53BCEA51F8F554500BFEAA9 /* LICENSE in Resources */,
				C5CC20141F31CDD800CA849D /* Main.storyboard in Resources */,
			);
			runOnlyForDeploymentPostprocessing = 0;
		};
		C5CC201D1F31CDD800CA849D /* Resources */ = {
			isa = PBXResourcesBuildPhase;
			buildActionMask = 2147483647;
			files = (
			);
			runOnlyForDeploymentPostprocessing = 0;
		};
		C5CC20281F31CDD800CA849D /* Resources */ = {
			isa = PBXResourcesBuildPhase;
			buildActionMask = 2147483647;
			files = (
			);
			runOnlyForDeploymentPostprocessing = 0;
		};
/* End PBXResourcesBuildPhase section */

/* Begin PBXSourcesBuildPhase section */
		C5CC20021F31CDD800CA849D /* Sources */ = {
			isa = PBXSourcesBuildPhase;
			buildActionMask = 2147483647;
			files = (
				C53BCEAC1F8F554500BFEAA9 /* NSArray+MASAdditions.m in Sources */,
				C53BCEAB1F8F554500BFEAA9 /* MASViewConstraint.m in Sources */,
				C5CC203E1F31CE6100CA849D /* ScrollTableViewHeaderView.m in Sources */,
				C53BCEA81F8F554500BFEAA9 /* MASConstraintMaker.m in Sources */,
				C53BCEAE1F8F554500BFEAA9 /* View+MASAdditions.m in Sources */,
				C52578871F32B5C900E8C033 /* ScrollTableRightTableViewCell.m in Sources */,
				C53BCEB01F8F554500BFEAA9 /* README.md in Sources */,
				C53BCEA71F8F554500BFEAA9 /* MASConstraint.m in Sources */,
				C5CC20111F31CDD800CA849D /* ViewController.m in Sources */,
				C53BCEAA1F8F554500BFEAA9 /* MASViewAttribute.m in Sources */,
				C53BCEAD1F8F554500BFEAA9 /* NSLayoutConstraint+MASDebugAdditions.m in Sources */,
				C525788D1F32BF4400E8C033 /* ScrollTableBaseViewController.m in Sources */,
				C53BCEA61F8F554500BFEAA9 /* MASCompositeConstraint.m in Sources */,
				C53BCEA91F8F554500BFEAA9 /* MASLayoutConstraint.m in Sources */,
				C52732D51F31D93E0040CEA2 /* ScrolltableLeftTableViewCell.m in Sources */,
				C5CC200E1F31CDD800CA849D /* AppDelegate.m in Sources */,
				C53BCEAF1F8F554500BFEAA9 /* ViewController+MASAdditions.m in Sources */,
				C5CC200B1F31CDD800CA849D /* main.m in Sources */,
			);
			runOnlyForDeploymentPostprocessing = 0;
		};
		C5CC201B1F31CDD800CA849D /* Sources */ = {
			isa = PBXSourcesBuildPhase;
			buildActionMask = 2147483647;
			files = (
				C5CC20241F31CDD800CA849D /* ScrollTableViewTests.m in Sources */,
			);
			runOnlyForDeploymentPostprocessing = 0;
		};
		C5CC20261F31CDD800CA849D /* Sources */ = {
			isa = PBXSourcesBuildPhase;
			buildActionMask = 2147483647;
			files = (
				C5CC202F1F31CDD800CA849D /* ScrollTableViewUITests.m in Sources */,
			);
			runOnlyForDeploymentPostprocessing = 0;
		};
/* End PBXSourcesBuildPhase section */

/* Begin PBXTargetDependency section */
		C5CC20211F31CDD800CA849D /* PBXTargetDependency */ = {
			isa = PBXTargetDependency;
			target = C5CC20051F31CDD800CA849D /* ScrollTableView */;
			targetProxy = C5CC20201F31CDD800CA849D /* PBXContainerItemProxy */;
		};
		C5CC202C1F31CDD800CA849D /* PBXTargetDependency */ = {
			isa = PBXTargetDependency;
			target = C5CC20051F31CDD800CA849D /* ScrollTableView */;
			targetProxy = C5CC202B1F31CDD800CA849D /* PBXContainerItemProxy */;
		};
/* End PBXTargetDependency section */

/* Begin PBXVariantGroup section */
		C5CC20121F31CDD800CA849D /* Main.storyboard */ = {
			isa = PBXVariantGroup;
			children = (
				C5CC20131F31CDD800CA849D /* Base */,
			);
			name = Main.storyboard;
			sourceTree = "<group>";
		};
		C5CC20171F31CDD800CA849D /* LaunchScreen.storyboard */ = {
			isa = PBXVariantGroup;
			children = (
				C5CC20181F31CDD800CA849D /* Base */,
			);
			name = LaunchScreen.storyboard;
			sourceTree = "<group>";
		};
/* End PBXVariantGroup section */

/* Begin XCBuildConfiguration section */
		C5CC20311F31CDD800CA849D /* Debug */ = {
			isa = XCBuildConfiguration;
			buildSettings = {
				ALWAYS_SEARCH_USER_PATHS = NO;
				CLANG_ANALYZER_NONNULL = YES;
				CLANG_ANALYZER_NUMBER_OBJECT_CONVERSION = YES_AGGRESSIVE;
				CLANG_CXX_LANGUAGE_STANDARD = "gnu++0x";
				CLANG_CXX_LIBRARY = "libc++";
				CLANG_ENABLE_MODULES = YES;
				CLANG_ENABLE_OBJC_ARC = YES;
				CLANG_WARN_BOOL_CONVERSION = YES;
				CLANG_WARN_CONSTANT_CONVERSION = YES;
				CLANG_WARN_DIRECT_OBJC_ISA_USAGE = YES_ERROR;
				CLANG_WARN_DOCUMENTATION_COMMENTS = YES;
				CLANG_WARN_EMPTY_BODY = YES;
				CLANG_WARN_ENUM_CONVERSION = YES;
				CLANG_WARN_INFINITE_RECURSION = YES;
				CLANG_WARN_INT_CONVERSION = YES;
				CLANG_WARN_OBJC_ROOT_CLASS = YES_ERROR;
				CLANG_WARN_SUSPICIOUS_MOVE = YES;
				CLANG_WARN_UNREACHABLE_CODE = YES;
				CLANG_WARN__DUPLICATE_METHOD_MATCH = YES;
				"CODE_SIGN_IDENTITY[sdk=iphoneos*]" = "iPhone Developer";
				COPY_PHASE_STRIP = NO;
				DEBUG_INFORMATION_FORMAT = dwarf;
				ENABLE_STRICT_OBJC_MSGSEND = YES;
				ENABLE_TESTABILITY = YES;
				GCC_C_LANGUAGE_STANDARD = gnu99;
				GCC_DYNAMIC_NO_PIC = NO;
				GCC_NO_COMMON_BLOCKS = YES;
				GCC_OPTIMIZATION_LEVEL = 0;
				GCC_PREPROCESSOR_DEFINITIONS = (
					"DEBUG=1",
					"$(inherited)",
				);
				GCC_WARN_64_TO_32_BIT_CONVERSION = YES;
				GCC_WARN_ABOUT_RETURN_TYPE = YES_ERROR;
				GCC_WARN_UNDECLARED_SELECTOR = YES;
				GCC_WARN_UNINITIALIZED_AUTOS = YES_AGGRESSIVE;
				GCC_WARN_UNUSED_FUNCTION = YES;
				GCC_WARN_UNUSED_VARIABLE = YES;
				IPHONEOS_DEPLOYMENT_TARGET = 10.3;
				MTL_ENABLE_DEBUG_INFO = YES;
				ONLY_ACTIVE_ARCH = YES;
				SDKROOT = iphoneos;
				TARGETED_DEVICE_FAMILY = "1,2";
			};
			name = Debug;
		};
		C5CC20321F31CDD800CA849D /* Release */ = {
			isa = XCBuildConfiguration;
			buildSettings = {
				ALWAYS_SEARCH_USER_PATHS = NO;
				CLANG_ANALYZER_NONNULL = YES;
				CLANG_ANALYZER_NUMBER_OBJECT_CONVERSION = YES_AGGRESSIVE;
				CLANG_CXX_LANGUAGE_STANDARD = "gnu++0x";
				CLANG_CXX_LIBRARY = "libc++";
				CLANG_ENABLE_MODULES = YES;
				CLANG_ENABLE_OBJC_ARC = YES;
				CLANG_WARN_BOOL_CONVERSION = YES;
				CLANG_WARN_CONSTANT_CONVERSION = YES;
				CLANG_WARN_DIRECT_OBJC_ISA_USAGE = YES_ERROR;
				CLANG_WARN_DOCUMENTATION_COMMENTS = YES;
				CLANG_WARN_EMPTY_BODY = YES;
				CLANG_WARN_ENUM_CONVERSION = YES;
				CLANG_WARN_INFINITE_RECURSION = YES;
				CLANG_WARN_INT_CONVERSION = YES;
				CLANG_WARN_OBJC_ROOT_CLASS = YES_ERROR;
				CLANG_WARN_SUSPICIOUS_MOVE = YES;
				CLANG_WARN_UNREACHABLE_CODE = YES;
				CLANG_WARN__DUPLICATE_METHOD_MATCH = YES;
				"CODE_SIGN_IDENTITY[sdk=iphoneos*]" = "iPhone Developer";
				COPY_PHASE_STRIP = NO;
				DEBUG_INFORMATION_FORMAT = "dwarf-with-dsym";
				ENABLE_NS_ASSERTIONS = NO;
				ENABLE_STRICT_OBJC_MSGSEND = YES;
				GCC_C_LANGUAGE_STANDARD = gnu99;
				GCC_NO_COMMON_BLOCKS = YES;
				GCC_WARN_64_TO_32_BIT_CONVERSION = YES;
				GCC_WARN_ABOUT_RETURN_TYPE = YES_ERROR;
				GCC_WARN_UNDECLARED_SELECTOR = YES;
				GCC_WARN_UNINITIALIZED_AUTOS = YES_AGGRESSIVE;
				GCC_WARN_UNUSED_FUNCTION = YES;
				GCC_WARN_UNUSED_VARIABLE = YES;
				IPHONEOS_DEPLOYMENT_TARGET = 10.3;
				MTL_ENABLE_DEBUG_INFO = NO;
				SDKROOT = iphoneos;
				TARGETED_DEVICE_FAMILY = "1,2";
				VALIDATE_PRODUCT = YES;
			};
			name = Release;
		};
		C5CC20341F31CDD800CA849D /* Debug */ = {
			isa = XCBuildConfiguration;
			buildSettings = {
				ASSETCATALOG_COMPILER_APPICON_NAME = AppIcon;
				INFOPLIST_FILE = ScrollTableView/Info.plist;
				LD_RUNPATH_SEARCH_PATHS = "$(inherited) @executable_path/Frameworks";
				PRODUCT_BUNDLE_IDENTIFIER = sxk.ScrollTableView;
				PRODUCT_NAME = "$(TARGET_NAME)";
			};
			name = Debug;
		};
		C5CC20351F31CDD800CA849D /* Release */ = {
			isa = XCBuildConfiguration;
			buildSettings = {
				ASSETCATALOG_COMPILER_APPICON_NAME = AppIcon;
				INFOPLIST_FILE = ScrollTableView/Info.plist;
				LD_RUNPATH_SEARCH_PATHS = "$(inherited) @executable_path/Frameworks";
				PRODUCT_BUNDLE_IDENTIFIER = sxk.ScrollTableView;
				PRODUCT_NAME = "$(TARGET_NAME)";
			};
			name = Release;
		};
		C5CC20371F31CDD800CA849D /* Debug */ = {
			isa = XCBuildConfiguration;
			buildSettings = {
				BUNDLE_LOADER = "$(TEST_HOST)";
				INFOPLIST_FILE = ScrollTableViewTests/Info.plist;
				LD_RUNPATH_SEARCH_PATHS = "$(inherited) @executable_path/Frameworks @loader_path/Frameworks";
				PRODUCT_BUNDLE_IDENTIFIER = sxk.ScrollTableViewTests;
				PRODUCT_NAME = "$(TARGET_NAME)";
				TEST_HOST = "$(BUILT_PRODUCTS_DIR)/ScrollTableView.app/ScrollTableView";
			};
			name = Debug;
		};
		C5CC20381F31CDD800CA849D /* Release */ = {
			isa = XCBuildConfiguration;
			buildSettings = {
				BUNDLE_LOADER = "$(TEST_HOST)";
				INFOPLIST_FILE = ScrollTableViewTests/Info.plist;
				LD_RUNPATH_SEARCH_PATHS = "$(inherited) @executable_path/Frameworks @loader_path/Frameworks";
				PRODUCT_BUNDLE_IDENTIFIER = sxk.ScrollTableViewTests;
				PRODUCT_NAME = "$(TARGET_NAME)";
				TEST_HOST = "$(BUILT_PRODUCTS_DIR)/ScrollTableView.app/ScrollTableView";
			};
			name = Release;
		};
		C5CC203A1F31CDD800CA849D /* Debug */ = {
			isa = XCBuildConfiguration;
			buildSettings = {
				INFOPLIST_FILE = ScrollTableViewUITests/Info.plist;
				LD_RUNPATH_SEARCH_PATHS = "$(inherited) @executable_path/Frameworks @loader_path/Frameworks";
				PRODUCT_BUNDLE_IDENTIFIER = sxk.ScrollTableViewUITests;
				PRODUCT_NAME = "$(TARGET_NAME)";
				TEST_TARGET_NAME = ScrollTableView;
			};
			name = Debug;
		};
		C5CC203B1F31CDD800CA849D /* Release */ = {
			isa = XCBuildConfiguration;
			buildSettings = {
				INFOPLIST_FILE = ScrollTableViewUITests/Info.plist;
				LD_RUNPATH_SEARCH_PATHS = "$(inherited) @executable_path/Frameworks @loader_path/Frameworks";
				PRODUCT_BUNDLE_IDENTIFIER = sxk.ScrollTableViewUITests;
				PRODUCT_NAME = "$(TARGET_NAME)";
				TEST_TARGET_NAME = ScrollTableView;
			};
			name = Release;
		};
/* End XCBuildConfiguration section */

/* Begin XCConfigurationList section */
		C5CC20011F31CDD800CA849D /* Build configuration list for PBXProject "ScrollTableView" */ = {
			isa = XCConfigurationList;
			buildConfigurations = (
				C5CC20311F31CDD800CA849D /* Debug */,
				C5CC20321F31CDD800CA849D /* Release */,
			);
			defaultConfigurationIsVisible = 0;
			defaultConfigurationName = Release;
		};
		C5CC20331F31CDD800CA849D /* Build configuration list for PBXNativeTarget "ScrollTableView" */ = {
			isa = XCConfigurationList;
			buildConfigurations = (
				C5CC20341F31CDD800CA849D /* Debug */,
				C5CC20351F31CDD800CA849D /* Release */,
			);
			defaultConfigurationIsVisible = 0;
			defaultConfigurationName = Release;
		};
		C5CC20361F31CDD800CA849D /* Build configuration list for PBXNativeTarget "ScrollTableViewTests" */ = {
			isa = XCConfigurationList;
			buildConfigurations = (
				C5CC20371F31CDD800CA849D /* Debug */,
				C5CC20381F31CDD800CA849D /* Release */,
			);
			defaultConfigurationIsVisible = 0;
			defaultConfigurationName = Release;
		};
		C5CC20391F31CDD800CA849D /* Build configuration list for PBXNativeTarget "ScrollTableViewUITests" */ = {
			isa = XCConfigurationList;
			buildConfigurations = (
				C5CC203A1F31CDD800CA849D /* Debug */,
				C5CC203B1F31CDD800CA849D /* Release */,
			);
			defaultConfigurationIsVisible = 0;
			defaultConfigurationName = Release;
		};
/* End XCConfigurationList section */
	};
	rootObject = C5CC1FFE1F31CDD800CA849D /* Project object */;
}
